
Microsoft Visual Studio Solution File, Format Version 12.00
# Visual Studio Version 17
VisualStudioVersion = 17.8.34330.188
MinimumVisualStudioVersion = 10.0.40219.1
Project("{FAE04EC0-301F-11D3-BF4B-00C04F79EFBC}") = "TpmFingerprint.Console", "TpmFingerprint.Console\TpmFingerprint.Console.csproj", "{B96389AB-34AE-43AB-821A-04DFBBAE8E60}"
EndProject
Project("{FAE04EC0-301F-11D3-BF4B-00C04F79EFBC}") = "TpmFingerprint.GUI", "TpmFingerprint.GUI\TpmFingerprint.GUI.csproj", "{FD24300C-6936-4289-8A2E-4A66C9075AC9}"
EndProject
Project("{FAE04EC0-301F-11D3-BF4B-00C04F79EFBC}") = "TpmFingerprint.Lib", "TpmFingerprint.Lib\TpmFingerprint.Lib.csproj", "{BC07690B-166E-4264-A550-3B951BE12943}"
EndProject
Global
	GlobalSection(SolutionConfigurationPlatforms) = preSolution
		Debug|Any CPU = Debug|Any CPU
		Release|Any CPU = Release|Any CPU
	EndGlobalSection
	GlobalSection(ProjectConfigurationPlatforms) = postSolution
		{B96389AB-34AE-43AB-821A-04DFBBAE8E60}.Debug|Any CPU.ActiveCfg = Debug|Any CPU
		{B96389AB-34AE-43AB-821A-04DFBBAE8E60}.Debug|Any CPU.Build.0 = Debug|Any CPU
		{B96389AB-34AE-43AB-821A-04DFBBAE8E60}.Release|Any CPU.ActiveCfg = Release|Any CPU
		{B96389AB-34AE-43AB-821A-04DFBBAE8E60}.Release|Any CPU.Build.0 = Release|Any CPU
		{FD24300C-6936-4289-8A2E-4A66C9075AC9}.Debug|Any CPU.ActiveCfg = Debug|Any CPU
		{FD24300C-6936-4289-8A2E-4A66C9075AC9}.Debug|Any CPU.Build.0 = Debug|Any CPU
		{FD24300C-6936-4289-8A2E-4A66C9075AC9}.Release|Any CPU.ActiveCfg = Release|Any CPU
		{FD24300C-6936-4289-8A2E-4A66C9075AC9}.Release|Any CPU.Build.0 = Release|Any CPU
		{BC07690B-166E-4264-A550-3B951BE12943}.Debug|Any CPU.ActiveCfg = Debug|Any CPU
		{BC07690B-166E-4264-A550-3B951BE12943}.Debug|Any CPU.Build.0 = Debug|Any CPU
		{BC07690B-166E-4264-A550-3B951BE12943}.Release|Any CPU.ActiveCfg = Release|Any CPU
		{BC07690B-166E-4264-A550-3B951BE12943}.Release|Any CPU.Build.0 = Release|Any CPU
	EndGlobalSection
	GlobalSection(SolutionProperties) = preSolution
		HideSolutionNode = FALSE
	EndGlobalSection
	GlobalSection(ExtensibilityGlobals) = postSolution
		SolutionGuid = {FB81F16A-8C09-4F0D-95DB-77E7D483CCBE}
	EndGlobalSection
EndGlobal
